
Microsoft Visual Studio Solution File, Format Version 12.00
# Visual Studio Version 16
VisualStudioVersion = 16.0.31129.286
MinimumVisualStudioVersion = 10.0.40219.1
Project("{FAE04EC0-301F-11D3-BF4B-00C04F79EFBC}") = "BCPacketTester", "BCPacketTester\BCPacketTester.csproj", "{AD8D9477-C556-4275-9514-1CD8C76451D1}"
EndProject
Global
	GlobalSection(SolutionConfigurationPlatforms) = preSolution
		Debug|Any CPU = Debug|Any CPU
		Release|Any CPU = Release|Any CPU
	EndGlobalSection
	GlobalSection(ProjectConfigurationPlatforms) = postSolution
		{AD8D9477-C556-4275-9514-1CD8C76451D1}.Debug|Any CPU.ActiveCfg = Debug|Any CPU
		{AD8D9477-C556-4275-9514-1CD8C76451D1}.Debug|Any CPU.Build.0 = Debug|Any CPU
		{AD8D9477-C556-4275-9514-1CD8C76451D1}.Release|Any CPU.ActiveCfg = Release|Any CPU
		{AD8D9477-C556-4275-9514-1CD8C76451D1}.Release|Any CPU.Build.0 = Release|Any CPU
	EndGlobalSection
	GlobalSection(SolutionProperties) = preSolution
		HideSolutionNode = FALSE
	EndGlobalSection
	GlobalSection(ExtensibilityGlobals) = postSolution
		SolutionGuid = {EA4322A3-7D8C-4ED5-8FCA-DE44529AF744}
	EndGlobalSection
EndGlobal
